PODS:
  - ReactiveCocoa (9.0.0):
    - ReactiveSwift (~> 5.0)
  - ReactiveSwift (5.0.1):
    - Result (~> 4.1)
  - Result (4.1.0)

DEPENDENCIES:
  - ReactiveCocoa

SPEC REPOS:
  https://github.com/cocoapods/specs.git:
    - ReactiveCocoa
    - ReactiveSwift
    - Result

SPEC CHECKSUMS:
  ReactiveCocoa: 29709cf0cc7502ddd04a51220e10ee0336d8bec8
  ReactiveSwift: cac20a5bbe560c5806bd29c0fccf90d03b996ac1
  Result: bd966fac789cc6c1563440b348ab2598cc24d5c7

PODFILE CHECKSUM: b19ecf6a19dc08caf73f3b83efc6dda417543f39

COCOAPODS: 1.6.1
